// !$*UTF8*$!
{
	archiveVersion = 1;
	classes = {
	};
	objectVersion = 50;
	objects = {

/* Begin PBXBuildFile section */
		4E279D89212F8DF700308422 /* AddAnchor.swift in Sources */ = {isa = PBXBuildFile; fileRef = 4E279D88212F8DF700308422 /* AddAnchor.swift */; };
		4E279D8B21311C8B00308422 /* ScriptManager.swift in Sources */ = {isa = PBXBuildFile; fileRef = 4E279D8A21311C8B00308422 /* ScriptManager.swift */; };
		4E281813213350C80035DF76 /* ResetElement.swift in Sources */ = {isa = PBXBuildFile; fileRef = 4E281812213350C80035DF76 /* ResetElement.swift */; };
		4E28181521337E6D0035DF76 /* ResetAnchors.swift in Sources */ = {isa = PBXBuildFile; fileRef = 4E28181421337E6D0035DF76 /* ResetAnchors.swift */; };
		4E281817213425C00035DF76 /* ResetSignals.swift in Sources */ = {isa = PBXBuildFile; fileRef = 4E281816213425C00035DF76 /* ResetSignals.swift */; };
		4E2818192135E22E0035DF76 /* README.md in Resources */ = {isa = PBXBuildFile; fileRef = 4E2818182135E22D0035DF76 /* README.md */; };
		4E7CFA3921228FBF0076B79D /* Signal.swift in Sources */ = {isa = PBXBuildFile; fileRef = 4E7CFA3821228FBF0076B79D /* Signal.swift */; };
		4E7CFA3A21228FBF0076B79D /* Signal.swift in Sources */ = {isa = PBXBuildFile; fileRef = 4E7CFA3821228FBF0076B79D /* Signal.swift */; };
		4E7CFA3C212293340076B79D /* Action.swift in Sources */ = {isa = PBXBuildFile; fileRef = 4E7CFA3B212293340076B79D /* Action.swift */; };
		4E7CFA3D212293340076B79D /* Action.swift in Sources */ = {isa = PBXBuildFile; fileRef = 4E7CFA3B212293340076B79D /* Action.swift */; };
		4E7CFA3E2122954D0076B79D /* ActionBlock.swift in Sources */ = {isa = PBXBuildFile; fileRef = 4EED0DE92122587700B188D3 /* ActionBlock.swift */; };
		4E7CFA4321229B9A0076B79D /* AppNotification.swift in Sources */ = {isa = PBXBuildFile; fileRef = 4E7CFA4221229B9A0076B79D /* AppNotification.swift */; };
		4E7CFA4421229B9A0076B79D /* AppNotification.swift in Sources */ = {isa = PBXBuildFile; fileRef = 4E7CFA4221229B9A0076B79D /* AppNotification.swift */; };
		4E7CFA472123A3350076B79D /* MainController.swift in Sources */ = {isa = PBXBuildFile; fileRef = 4E7CFA462123A3350076B79D /* MainController.swift */; };
		4E7CFA482123A3350076B79D /* MainController.swift in Sources */ = {isa = PBXBuildFile; fileRef = 4E7CFA462123A3350076B79D /* MainController.swift */; };
		4E7CFA492126598B0076B79D /* Constant.swift in Sources */ = {isa = PBXBuildFile; fileRef = 4EED0DBA211E733500B188D3 /* Constant.swift */; };
		4E7CFA4B212D07CD0076B79D /* NotificationManager.swift in Sources */ = {isa = PBXBuildFile; fileRef = 4E7CFA4A212D07CD0076B79D /* NotificationManager.swift */; };
		4E7CFA4C212D07CD0076B79D /* NotificationManager.swift in Sources */ = {isa = PBXBuildFile; fileRef = 4E7CFA4A212D07CD0076B79D /* NotificationManager.swift */; };
		4E7CFA54212E0B4F0076B79D /* main.swift in Sources */ = {isa = PBXBuildFile; fileRef = 4E7CFA53212E0B4F0076B79D /* main.swift */; };
		4E7CFA59212E0BC90076B79D /* MacHelperNotifier.swift in Sources */ = {isa = PBXBuildFile; fileRef = 4E7CFA58212E0BC90076B79D /* MacHelperNotifier.swift */; };
		4E7CFA5A212E0C2C0076B79D /* NotificationManager.swift in Sources */ = {isa = PBXBuildFile; fileRef = 4E7CFA4A212D07CD0076B79D /* NotificationManager.swift */; };
		4E7CFA5B212E0C610076B79D /* Constant.swift in Sources */ = {isa = PBXBuildFile; fileRef = 4EED0DBA211E733500B188D3 /* Constant.swift */; };
		4EE41D1C21FD363B00C910F2 /* Reset.swift in Sources */ = {isa = PBXBuildFile; fileRef = 4EE41D1B21FD363B00C910F2 /* Reset.swift */; };
		4EED0DB2211E6D6B00B188D3 /* main.swift in Sources */ = {isa = PBXBuildFile; fileRef = 4EED0DB1211E6D6B00B188D3 /* main.swift */; };
		4EED0DB9211E6EFA00B188D3 /* MacHelper.swift in Sources */ = {isa = PBXBuildFile; fileRef = 4EED0DB8211E6EFA00B188D3 /* MacHelper.swift */; };
		4EED0DBB211E733500B188D3 /* Constant.swift in Sources */ = {isa = PBXBuildFile; fileRef = 4EED0DBA211E733500B188D3 /* Constant.swift */; };
		4EED0DBE211E73B300B188D3 /* Scenario.swift in Sources */ = {isa = PBXBuildFile; fileRef = 4EED0DBD211E73B300B188D3 /* Scenario.swift */; };
		4EED0DC0211E75DF00B188D3 /* Scene.swift in Sources */ = {isa = PBXBuildFile; fileRef = 4EED0DBF211E75DF00B188D3 /* Scene.swift */; };
		4EED0DD4211E7AB300B188D3 /* MacHelperTest.swift in Sources */ = {isa = PBXBuildFile; fileRef = 4EED0DD3211E7AB300B188D3 /* MacHelperTest.swift */; };
		4EED0DDB211E7C1A00B188D3 /* Scenario.swift in Sources */ = {isa = PBXBuildFile; fileRef = 4EED0DBD211E73B300B188D3 /* Scenario.swift */; };
		4EED0DDC211E7D7200B188D3 /* Scene.swift in Sources */ = {isa = PBXBuildFile; fileRef = 4EED0DBF211E75DF00B188D3 /* Scene.swift */; };
		4EED0DDF211E7F0D00B188D3 /* ScenarioManager.swift in Sources */ = {isa = PBXBuildFile; fileRef = 4EED0DDE211E7F0D00B188D3 /* ScenarioManager.swift */; };
		4EED0DE0211E805200B188D3 /* ScenarioManager.swift in Sources */ = {isa = PBXBuildFile; fileRef = 4EED0DDE211E7F0D00B188D3 /* ScenarioManager.swift */; };
		4EED0DE6211F48C700B188D3 /* Node.swift in Sources */ = {isa = PBXBuildFile; fileRef = 4EED0DE5211F48C700B188D3 /* Node.swift */; };
		4EED0DE82121D2E600B188D3 /* Trigger.swift in Sources */ = {isa = PBXBuildFile; fileRef = 4EED0DE72121D2E600B188D3 /* Trigger.swift */; };
		4EED0DEA2122587700B188D3 /* ActionBlock.swift in Sources */ = {isa = PBXBuildFile; fileRef = 4EED0DE92122587700B188D3 /* ActionBlock.swift */; };
		4EED0DEC2122591A00B188D3 /* Condition.swift in Sources */ = {isa = PBXBuildFile; fileRef = 4EED0DEB2122591A00B188D3 /* Condition.swift */; };
		4EED0DED21226E4F00B188D3 /* Node.swift in Sources */ = {isa = PBXBuildFile; fileRef = 4EED0DE5211F48C700B188D3 /* Node.swift */; };
		4EED0DEE21226E5200B188D3 /* Trigger.swift in Sources */ = {isa = PBXBuildFile; fileRef = 4EED0DE72121D2E600B188D3 /* Trigger.swift */; };
		4EED0DEF21226E5600B188D3 /* Condition.swift in Sources */ = {isa = PBXBuildFile; fileRef = 4EED0DEB2122591A00B188D3 /* Condition.swift */; };
		4EED0DF1212276C700B188D3 /* Script.swift in Sources */ = {isa = PBXBuildFile; fileRef = 4EED0DF0212276C700B188D3 /* Script.swift */; };
		4EED0DF22122772700B188D3 /* Script.swift in Sources */ = {isa = PBXBuildFile; fileRef = 4EED0DF0212276C700B188D3 /* Script.swift */; };
/* End PBXBuildFile section */

/* Begin PBXCopyFilesBuildPhase section */
		4E7CFA4F212E0B4F0076B79D /* CopyFiles */ = {
			isa = PBXCopyFilesBuildPhase;
			buildActionMask = 2147483647;
			dstPath = /usr/share/man/man1/;
			dstSubfolderSpec = 0;
			files = (
			);
			runOnlyForDeploymentPostprocessing = 1;
		};
		4EED0DAC211E6D6B00B188D3 /* CopyFiles */ = {
			isa = PBXCopyFilesBuildPhase;
			buildActionMask = 2147483647;
			dstPath = /usr/share/man/man1/;
			dstSubfolderSpec = 0;
			files = (
			);
			runOnlyForDeploymentPostprocessing = 1;
		};
/* End PBXCopyFilesBuildPhase section */

/* Begin PBXFileReference section */
		4E279D88212F8DF700308422 /* AddAnchor.swift */ = {isa = PBXFileReference; lastKnownFileType = sourcecode.swift; path = AddAnchor.swift; sourceTree = "<group>"; };
		4E279D8A21311C8B00308422 /* ScriptManager.swift */ = {isa = PBXFileReference; lastKnownFileType = sourcecode.swift; path = ScriptManager.swift; sourceTree = "<group>"; };
		4E281812213350C80035DF76 /* ResetElement.swift */ = {isa = PBXFileReference; lastKnownFileType = sourcecode.swift; path = ResetElement.swift; sourceTree = "<group>"; };
		4E28181421337E6D0035DF76 /* ResetAnchors.swift */ = {isa = PBXFileReference; lastKnownFileType = sourcecode.swift; path = ResetAnchors.swift; sourceTree = "<group>"; };
		4E281816213425C00035DF76 /* ResetSignals.swift */ = {isa = PBXFileReference; lastKnownFileType = sourcecode.swift; path = ResetSignals.swift; sourceTree = "<group>"; };
		4E2818182135E22D0035DF76 /* README.md */ = {isa = PBXFileReference; fileEncoding = 4; lastKnownFileType = net.daringfireball.markdown; path = README.md; sourceTree = "<group>"; };
		4E7CFA3821228FBF0076B79D /* Signal.swift */ = {isa = PBXFileReference; lastKnownFileType = sourcecode.swift; path = Signal.swift; sourceTree = "<group>"; };
		4E7CFA3B212293340076B79D /* Action.swift */ = {isa = PBXFileReference; lastKnownFileType = sourcecode.swift; path = Action.swift; sourceTree = "<group>"; };
		4E7CFA4221229B9A0076B79D /* AppNotification.swift */ = {isa = PBXFileReference; lastKnownFileType = sourcecode.swift; path = AppNotification.swift; sourceTree = "<group>"; };
		4E7CFA462123A3350076B79D /* MainController.swift */ = {isa = PBXFileReference; lastKnownFileType = sourcecode.swift; path = MainController.swift; sourceTree = "<group>"; };
		4E7CFA4A212D07CD0076B79D /* NotificationManager.swift */ = {isa = PBXFileReference; lastKnownFileType = sourcecode.swift; path = NotificationManager.swift; sourceTree = "<group>"; };
		4E7CFA51212E0B4F0076B79D /* MacHelperNotifier */ = {isa = PBXFileReference; explicitFileType = "compiled.mach-o.executable"; includeInIndex = 0; path = MacHelperNotifier; sourceTree = BUILT_PRODUCTS_DIR; };
		4E7CFA53212E0B4F0076B79D /* main.swift */ = {isa = PBXFileReference; lastKnownFileType = sourcecode.swift; path = main.swift; sourceTree = "<group>"; };
		4E7CFA58212E0BC90076B79D /* MacHelperNotifier.swift */ = {isa = PBXFileReference; lastKnownFileType = sourcecode.swift; path = MacHelperNotifier.swift; sourceTree = "<group>"; };
		4EE41D1B21FD363B00C910F2 /* Reset.swift */ = {isa = PBXFileReference; lastKnownFileType = sourcecode.swift; path = Reset.swift; sourceTree = "<group>"; };
		4EED0DAE211E6D6B00B188D3 /* MacHelper */ = {isa = PBXFileReference; explicitFileType = "compiled.mach-o.executable"; includeInIndex = 0; path = MacHelper; sourceTree = BUILT_PRODUCTS_DIR; };
		4EED0DB1211E6D6B00B188D3 /* main.swift */ = {isa = PBXFileReference; lastKnownFileType = sourcecode.swift; path = main.swift; sourceTree = "<group>"; };
		4EED0DB8211E6EFA00B188D3 /* MacHelper.swift */ = {isa = PBXFileReference; lastKnownFileType = sourcecode.swift; path = MacHelper.swift; sourceTree = "<group>"; };
		4EED0DBA211E733500B188D3 /* Constant.swift */ = {isa = PBXFileReference; lastKnownFileType = sourcecode.swift; path = Constant.swift; sourceTree = "<group>"; };
		4EED0DBD211E73B300B188D3 /* Scenario.swift */ = {isa = PBXFileReference; lastKnownFileType = sourcecode.swift; path = Scenario.swift; sourceTree = "<group>"; };
		4EED0DBF211E75DF00B188D3 /* Scene.swift */ = {isa = PBXFileReference; lastKnownFileType = sourcecode.swift; path = Scene.swift; sourceTree = "<group>"; };
		4EED0DD1211E7AB300B188D3 /* MacHelperTest.xctest */ = {isa = PBXFileReference; explicitFileType = wrapper.cfbundle; includeInIndex = 0; path = MacHelperTest.xctest; sourceTree = BUILT_PRODUCTS_DIR; };
		4EED0DD3211E7AB300B188D3 /* MacHelperTest.swift */ = {isa = PBXFileReference; lastKnownFileType = sourcecode.swift; path = MacHelperTest.swift; sourceTree = "<group>"; };
		4EED0DD5211E7AB300B188D3 /* Info.plist */ = {isa = PBXFileReference; lastKnownFileType = text.plist.xml; path = Info.plist; sourceTree = "<group>"; };
		4EED0DDE211E7F0D00B188D3 /* ScenarioManager.swift */ = {isa = PBXFileReference; lastKnownFileType = sourcecode.swift; path = ScenarioManager.swift; sourceTree = "<group>"; };
		4EED0DE5211F48C700B188D3 /* Node.swift */ = {isa = PBXFileReference; lastKnownFileType = sourcecode.swift; path = Node.swift; sourceTree = "<group>"; };
		4EED0DE72121D2E600B188D3 /* Trigger.swift */ = {isa = PBXFileReference; lastKnownFileType = sourcecode.swift; path = Trigger.swift; sourceTree = "<group>"; };
		4EED0DE92122587700B188D3 /* ActionBlock.swift */ = {isa = PBXFileReference; lastKnownFileType = sourcecode.swift; path = ActionBlock.swift; sourceTree = "<group>"; };
		4EED0DEB2122591A00B188D3 /* Condition.swift */ = {isa = PBXFileReference; lastKnownFileType = sourcecode.swift; path = Condition.swift; sourceTree = "<group>"; };
		4EED0DF0212276C700B188D3 /* Script.swift */ = {isa = PBXFileReference; lastKnownFileType = sourcecode.swift; path = Script.swift; sourceTree = "<group>"; };
/* End PBXFileReference section */

/* Begin PBXFrameworksBuildPhase section */
		4E7CFA4E212E0B4F0076B79D /* Frameworks */ = {
			isa = PBXFrameworksBuildPhase;
			buildActionMask = 2147483647;
			files = (
			);
			runOnlyForDeploymentPostprocessing = 0;
		};
		4EED0DAB211E6D6B00B188D3 /* Frameworks */ = {
			isa = PBXFrameworksBuildPhase;
			buildActionMask = 2147483647;
			files = (
			);
			runOnlyForDeploymentPostprocessing = 0;
		};
		4EED0DCE211E7AB300B188D3 /* Frameworks */ = {
			isa = PBXFrameworksBuildPhase;
			buildActionMask = 2147483647;
			files = (
			);
			runOnlyForDeploymentPostprocessing = 0;
		};
/* End PBXFrameworksBuildPhase section */

/* Begin PBXGroup section */
		4E7CFA452123A3220076B79D /* Controllers */ = {
			isa = PBXGroup;
			children = (
				4E7CFA462123A3350076B79D /* MainController.swift */,
			);
			path = Controllers;
			sourceTree = "<group>";
		};
		4E7CFA52212E0B4F0076B79D /* MacHelperNotifier */ = {
			isa = PBXGroup;
			children = (
				4E7CFA53212E0B4F0076B79D /* main.swift */,
				4E7CFA58212E0BC90076B79D /* MacHelperNotifier.swift */,
			);
			path = MacHelperNotifier;
			sourceTree = "<group>";
		};
		4EED0DA5211E6D6B00B188D3 = {
			isa = PBXGroup;
			children = (
				4E2818182135E22D0035DF76 /* README.md */,
				4EED0DB0211E6D6B00B188D3 /* MacHelper */,
				4EED0DD2211E7AB300B188D3 /* MacHelperTest */,
				4E7CFA52212E0B4F0076B79D /* MacHelperNotifier */,
				4EED0DAF211E6D6B00B188D3 /* Products */,
			);
			sourceTree = "<group>";
		};
		4EED0DAF211E6D6B00B188D3 /* Products */ = {
			isa = PBXGroup;
			children = (
				4EED0DAE211E6D6B00B188D3 /* MacHelper */,
				4EED0DD1211E7AB300B188D3 /* MacHelperTest.xctest */,
				4E7CFA51212E0B4F0076B79D /* MacHelperNotifier */,
			);
			name = Products;
			sourceTree = "<group>";
		};
		4EED0DB0211E6D6B00B188D3 /* MacHelper */ = {
			isa = PBXGroup;
			children = (
				4E7CFA452123A3220076B79D /* Controllers */,
				4EED0DDD211E7EFC00B188D3 /* Services */,
				4EED0DBC211E738200B188D3 /* Model */,
				4EED0DB1211E6D6B00B188D3 /* main.swift */,
				4EED0DB8211E6EFA00B188D3 /* MacHelper.swift */,
				4EED0DBA211E733500B188D3 /* Constant.swift */,
			);
			path = MacHelper;
			sourceTree = "<group>";
		};
		4EED0DBC211E738200B188D3 /* Model */ = {
			isa = PBXGroup;
			children = (
				4EED0DBD211E73B300B188D3 /* Scenario.swift */,
				4EED0DBF211E75DF00B188D3 /* Scene.swift */,
				4EED0DE5211F48C700B188D3 /* Node.swift */,
				4EED0DE72121D2E600B188D3 /* Trigger.swift */,
				4EED0DE92122587700B188D3 /* ActionBlock.swift */,
				4EED0DEB2122591A00B188D3 /* Condition.swift */,
				4E7CFA3B212293340076B79D /* Action.swift */,
				4EED0DF0212276C700B188D3 /* Script.swift */,
				4E7CFA3821228FBF0076B79D /* Signal.swift */,
				4E7CFA4221229B9A0076B79D /* AppNotification.swift */,
				4E279D88212F8DF700308422 /* AddAnchor.swift */,
				4E281812213350C80035DF76 /* ResetElement.swift */,
				4E28181421337E6D0035DF76 /* ResetAnchors.swift */,
				4E281816213425C00035DF76 /* ResetSignals.swift */,
				4EE41D1B21FD363B00C910F2 /* Reset.swift */,
			);
			path = Model;
			sourceTree = "<group>";
		};
		4EED0DD2211E7AB300B188D3 /* MacHelperTest */ = {
			isa = PBXGroup;
			children = (
				4EED0DD3211E7AB300B188D3 /* MacHelperTest.swift */,
				4EED0DD5211E7AB300B188D3 /* Info.plist */,
			);
			path = MacHelperTest;
			sourceTree = "<group>";
		};
		4EED0DDD211E7EFC00B188D3 /* Services */ = {
			isa = PBXGroup;
			children = (
				4EED0DDE211E7F0D00B188D3 /* ScenarioManager.swift */,
				4E7CFA4A212D07CD0076B79D /* NotificationManager.swift */,
				4E279D8A21311C8B00308422 /* ScriptManager.swift */,
			);
			path = Services;
			sourceTree = "<group>";
		};
/* End PBXGroup section */

/* Begin PBXNativeTarget section */
		4E7CFA50212E0B4F0076B79D /* MacHelperNotifier */ = {
			isa = PBXNativeTarget;
			buildConfigurationList = 4E7CFA55212E0B4F0076B79D /* Build configuration list for PBXNativeTarget "MacHelperNotifier" */;
			buildPhases = (
				4E7CFA4D212E0B4F0076B79D /* Sources */,
				4E7CFA4E212E0B4F0076B79D /* Frameworks */,
				4E7CFA4F212E0B4F0076B79D /* CopyFiles */,
			);
			buildRules = (
			);
			dependencies = (
			);
			name = MacHelperNotifier;
			productName = MacHelperNotifier;
			productReference = 4E7CFA51212E0B4F0076B79D /* MacHelperNotifier */;
			productType = "com.apple.product-type.tool";
		};
		4EED0DAD211E6D6B00B188D3 /* MacHelper */ = {
			isa = PBXNativeTarget;
			buildConfigurationList = 4EED0DB5211E6D6B00B188D3 /* Build configuration list for PBXNativeTarget "MacHelper" */;
			buildPhases = (
				4EED0DAA211E6D6B00B188D3 /* Sources */,
				4EED0DAB211E6D6B00B188D3 /* Frameworks */,
				4EED0DAC211E6D6B00B188D3 /* CopyFiles */,
			);
			buildRules = (
			);
			dependencies = (
			);
			name = MacHelper;
			productName = MacHelper;
			productReference = 4EED0DAE211E6D6B00B188D3 /* MacHelper */;
			productType = "com.apple.product-type.tool";
		};
		4EED0DD0211E7AB300B188D3 /* MacHelperTest */ = {
			isa = PBXNativeTarget;
			buildConfigurationList = 4EED0DD6211E7AB300B188D3 /* Build configuration list for PBXNativeTarget "MacHelperTest" */;
			buildPhases = (
				4EED0DCD211E7AB300B188D3 /* Sources */,
				4EED0DCE211E7AB300B188D3 /* Frameworks */,
				4EED0DCF211E7AB300B188D3 /* Resources */,
			);
			buildRules = (
			);
			dependencies = (
			);
			name = MacHelperTest;
			productName = MacHelperTest;
			productReference = 4EED0DD1211E7AB300B188D3 /* MacHelperTest.xctest */;
			productType = "com.apple.product-type.bundle.unit-test";
		};
/* End PBXNativeTarget section */

/* Begin PBXProject section */
		4EED0DA6211E6D6B00B188D3 /* Project object */ = {
			isa = PBXProject;
			attributes = {
				LastSwiftUpdateCheck = 0940;
				LastUpgradeCheck = 0940;
				ORGANIZATIONNAME = altab;
				TargetAttributes = {
					4E7CFA50212E0B4F0076B79D = {
						CreatedOnToolsVersion = 9.4.1;
						LastSwiftMigration = 1010;
					};
					4EED0DAD211E6D6B00B188D3 = {
						CreatedOnToolsVersion = 9.4.1;
						LastSwiftMigration = 1010;
					};
					4EED0DD0211E7AB300B188D3 = {
						CreatedOnToolsVersion = 9.4.1;
					};
				};
			};
			buildConfigurationList = 4EED0DA9211E6D6B00B188D3 /* Build configuration list for PBXProject "MacHelper" */;
			compatibilityVersion = "Xcode 9.3";
			developmentRegion = en;
			hasScannedForEncodings = 0;
			knownRegions = (
				en,
			);
			mainGroup = 4EED0DA5211E6D6B00B188D3;
			productRefGroup = 4EED0DAF211E6D6B00B188D3 /* Products */;
			projectDirPath = "";
			projectRoot = "";
			targets = (
				4EED0DAD211E6D6B00B188D3 /* MacHelper */,
				4EED0DD0211E7AB300B188D3 /* MacHelperTest */,
				4E7CFA50212E0B4F0076B79D /* MacHelperNotifier */,
			);
		};
/* End PBXProject section */

/* Begin PBXResourcesBuildPhase section */
		4EED0DCF211E7AB300B188D3 /* Resources */ = {
			isa = PBXResourcesBuildPhase;
			buildActionMask = 2147483647;
			files = (
				4E2818192135E22E0035DF76 /* README.md in Resources */,
			);
			runOnlyForDeploymentPostprocessing = 0;
		};
/* End PBXResourcesBuildPhase section */

/* Begin PBXSourcesBuildPhase section */
		4E7CFA4D212E0B4F0076B79D /* Sources */ = {
			isa = PBXSourcesBuildPhase;
			buildActionMask = 2147483647;
			files = (
				4E7CFA5A212E0C2C0076B79D /* NotificationManager.swift in Sources */,
				4E7CFA54212E0B4F0076B79D /* main.swift in Sources */,
				4E7CFA59212E0BC90076B79D /* MacHelperNotifier.swift in Sources */,
				4E7CFA5B212E0C610076B79D /* Constant.swift in Sources */,
			);
			runOnlyForDeploymentPostprocessing = 0;
		};
		4EED0DAA211E6D6B00B188D3 /* Sources */ = {
			isa = PBXSourcesBuildPhase;
			buildActionMask = 2147483647;
			files = (
				4E279D89212F8DF700308422 /* AddAnchor.swift in Sources */,
				4EE41D1C21FD363B00C910F2 /* Reset.swift in Sources */,
				4EED0DB2211E6D6B00B188D3 /* main.swift in Sources */,
				4E28181521337E6D0035DF76 /* ResetAnchors.swift in Sources */,
				4E281813213350C80035DF76 /* ResetElement.swift in Sources */,
				4E7CFA3C212293340076B79D /* Action.swift in Sources */,
				4E7CFA4321229B9A0076B79D /* AppNotification.swift in Sources */,
				4E7CFA3921228FBF0076B79D /* Signal.swift in Sources */,
				4E7CFA472123A3350076B79D /* MainController.swift in Sources */,
				4EED0DBE211E73B300B188D3 /* Scenario.swift in Sources */,
				4E7CFA4B212D07CD0076B79D /* NotificationManager.swift in Sources */,
				4E279D8B21311C8B00308422 /* ScriptManager.swift in Sources */,
				4EED0DC0211E75DF00B188D3 /* Scene.swift in Sources */,
				4EED0DDF211E7F0D00B188D3 /* ScenarioManager.swift in Sources */,
				4EED0DF1212276C700B188D3 /* Script.swift in Sources */,
				4EED0DE82121D2E600B188D3 /* Trigger.swift in Sources */,
				4EED0DB9211E6EFA00B188D3 /* MacHelper.swift in Sources */,
				4EED0DBB211E733500B188D3 /* Constant.swift in Sources */,
				4E281817213425C00035DF76 /* ResetSignals.swift in Sources */,
				4EED0DE6211F48C700B188D3 /* Node.swift in Sources */,
				4EED0DEA2122587700B188D3 /* ActionBlock.swift in Sources */,
				4EED0DEC2122591A00B188D3 /* Condition.swift in Sources */,
			);
			runOnlyForDeploymentPostprocessing = 0;
		};
		4EED0DCD211E7AB300B188D3 /* Sources */ = {
			isa = PBXSourcesBuildPhase;
			buildActionMask = 2147483647;
			files = (
				4EED0DD4211E7AB300B188D3 /* MacHelperTest.swift in Sources */,
				4EED0DED21226E4F00B188D3 /* Node.swift in Sources */,
				4EED0DEF21226E5600B188D3 /* Condition.swift in Sources */,
				4E7CFA3D212293340076B79D /* Action.swift in Sources */,
				4E7CFA3E2122954D0076B79D /* ActionBlock.swift in Sources */,
				4EED0DDB211E7C1A00B188D3 /* Scenario.swift in Sources */,
				4E7CFA3A21228FBF0076B79D /* Signal.swift in Sources */,
				4E7CFA492126598B0076B79D /* Constant.swift in Sources */,
				4EED0DF22122772700B188D3 /* Script.swift in Sources */,
				4EED0DDC211E7D7200B188D3 /* Scene.swift in Sources */,
				4EED0DEE21226E5200B188D3 /* Trigger.swift in Sources */,
				4E7CFA4421229B9A0076B79D /* AppNotification.swift in Sources */,
				4E7CFA4C212D07CD0076B79D /* NotificationManager.swift in Sources */,
				4E7CFA482123A3350076B79D /* MainController.swift in Sources */,
				4EED0DE0211E805200B188D3 /* ScenarioManager.swift in Sources */,
			);
			runOnlyForDeploymentPostprocessing = 0;
		};
/* End PBXSourcesBuildPhase section */

/* Begin XCBuildConfiguration section */
		4E7CFA56212E0B4F0076B79D /* Debug */ = {
			isa = XCBuildConfiguration;
			buildSettings = {
				CODE_SIGN_STYLE = Automatic;
				DEVELOPMENT_TEAM = T5223UFA4Z;
				PRODUCT_NAME = "$(TARGET_NAME)";
				SWIFT_VERSION = 4.2;
			};
			name = Debug;
		};
		4E7CFA57212E0B4F0076B79D /* Release */ = {
			isa = XCBuildConfiguration;
			buildSettings = {
				CODE_SIGN_STYLE = Automatic;
				DEVELOPMENT_TEAM = T5223UFA4Z;
				PRODUCT_NAME = "$(TARGET_NAME)";
				SWIFT_VERSION = 4.2;
			};
			name = Release;
		};
		4EED0DB3211E6D6B00B188D3 /* Debug */ = {
			isa = XCBuildConfiguration;
			buildSettings = {
				ALWAYS_SEARCH_USER_PATHS = NO;
				CLANG_ANALYZER_NONNULL = YES;
				CLANG_ANALYZER_NUMBER_OBJECT_CONVERSION = YES_AGGRESSIVE;
				CLANG_CXX_LANGUAGE_STANDARD = "gnu++14";
				CLANG_CXX_LIBRARY = "libc++";
				CLANG_ENABLE_MODULES = YES;
				CLANG_ENABLE_OBJC_ARC = YES;
				CLANG_ENABLE_OBJC_WEAK = YES;
				CLANG_WARN_BLOCK_CAPTURE_AUTORELEASING = YES;
				CLANG_WARN_BOOL_CONVERSION = YES;
				CLANG_WARN_COMMA = YES;
				CLANG_WARN_CONSTANT_CONVERSION = YES;
				CLANG_WARN_DEPRECATED_OBJC_IMPLEMENTATIONS = YES;
				CLANG_WARN_DIRECT_OBJC_ISA_USAGE = YES_ERROR;
				CLANG_WARN_DOCUMENTATION_COMMENTS = YES;
				CLANG_WARN_EMPTY_BODY = YES;
				CLANG_WARN_ENUM_CONVERSION = YES;
				CLANG_WARN_INFINITE_RECURSION = YES;
				CLANG_WARN_INT_CONVERSION = YES;
				CLANG_WARN_NON_LITERAL_NULL_CONVERSION = YES;
				CLANG_WARN_OBJC_IMPLICIT_RETAIN_SELF = YES;
				CLANG_WARN_OBJC_LITERAL_CONVERSION = YES;
				CLANG_WARN_OBJC_ROOT_CLASS = YES_ERROR;
				CLANG_WARN_RANGE_LOOP_ANALYSIS = YES;
				CLANG_WARN_STRICT_PROTOTYPES = YES;
				CLANG_WARN_SUSPICIOUS_MOVE = YES;
				CLANG_WARN_UNGUARDED_AVAILABILITY = YES_AGGRESSIVE;
				CLANG_WARN_UNREACHABLE_CODE = YES;
				CLANG_WARN__DUPLICATE_METHOD_MATCH = YES;
				CODE_SIGN_IDENTITY = "Mac Developer";
				COPY_PHASE_STRIP = NO;
				DEBUG_INFORMATION_FORMAT = dwarf;
				ENABLE_STRICT_OBJC_MSGSEND = YES;
				ENABLE_TESTABILITY = YES;
				GCC_C_LANGUAGE_STANDARD = gnu11;
				GCC_DYNAMIC_NO_PIC = NO;
				GCC_NO_COMMON_BLOCKS = YES;
				GCC_OPTIMIZATION_LEVEL = 0;
				GCC_PREPROCESSOR_DEFINITIONS = (
					"DEBUG=1",
					"$(inherited)",
				);
				GCC_WARN_64_TO_32_BIT_CONVERSION = YES;
				GCC_WARN_ABOUT_RETURN_TYPE = YES_ERROR;
				GCC_WARN_UNDECLARED_SELECTOR = YES;
				GCC_WARN_UNINITIALIZED_AUTOS = YES_AGGRESSIVE;
				GCC_WARN_UNUSED_FUNCTION = YES;
				GCC_WARN_UNUSED_VARIABLE = YES;
				MACOSX_DEPLOYMENT_TARGET = 10.13;
				MTL_ENABLE_DEBUG_INFO = YES;
				ONLY_ACTIVE_ARCH = YES;
				SDKROOT = macosx;
				SWIFT_ACTIVE_COMPILATION_CONDITIONS = DEBUG;
				SWIFT_OPTIMIZATION_LEVEL = "-Onone";
			};
			name = Debug;
		};
		4EED0DB4211E6D6B00B188D3 /* Release */ = {
			isa = XCBuildConfiguration;
			buildSettings = {
				ALWAYS_SEARCH_USER_PATHS = NO;
				CLANG_ANALYZER_NONNULL = YES;
				CLANG_ANALYZER_NUMBER_OBJECT_CONVERSION = YES_AGGRESSIVE;
				CLANG_CXX_LANGUAGE_STANDARD = "gnu++14";
				CLANG_CXX_LIBRARY = "libc++";
				CLANG_ENABLE_MODULES = YES;
				CLANG_ENABLE_OBJC_ARC = YES;
				CLANG_ENABLE_OBJC_WEAK = YES;
				CLANG_WARN_BLOCK_CAPTURE_AUTORELEASING = YES;
				CLANG_WARN_BOOL_CONVERSION = YES;
				CLANG_WARN_COMMA = YES;
				CLANG_WARN_CONSTANT_CONVERSION = YES;
				CLANG_WARN_DEPRECATED_OBJC_IMPLEMENTATIONS = YES;
				CLANG_WARN_DIRECT_OBJC_ISA_USAGE = YES_ERROR;
				CLANG_WARN_DOCUMENTATION_COMMENTS = YES;
				CLANG_WARN_EMPTY_BODY = YES;
				CLANG_WARN_ENUM_CONVERSION = YES;
				CLANG_WARN_INFINITE_RECURSION = YES;
				CLANG_WARN_INT_CONVERSION = YES;
				CLANG_WARN_NON_LITERAL_NULL_CONVERSION = YES;
				CLANG_WARN_OBJC_IMPLICIT_RETAIN_SELF = YES;
				CLANG_WARN_OBJC_LITERAL_CONVERSION = YES;
				CLANG_WARN_OBJC_ROOT_CLASS = YES_ERROR;
				CLANG_WARN_RANGE_LOOP_ANALYSIS = YES;
				CLANG_WARN_STRICT_PROTOTYPES = YES;
				CLANG_WARN_SUSPICIOUS_MOVE = YES;
				CLANG_WARN_UNGUARDED_AVAILABILITY = YES_AGGRESSIVE;
				CLANG_WARN_UNREACHABLE_CODE = YES;
				CLANG_WARN__DUPLICATE_METHOD_MATCH = YES;
				CODE_SIGN_IDENTITY = "Mac Developer";
				COPY_PHASE_STRIP = NO;
				DEBUG_INFORMATION_FORMAT = "dwarf-with-dsym";
				ENABLE_NS_ASSERTIONS = NO;
				ENABLE_STRICT_OBJC_MSGSEND = YES;
				GCC_C_LANGUAGE_STANDARD = gnu11;
				GCC_NO_COMMON_BLOCKS = YES;
				GCC_WARN_64_TO_32_BIT_CONVERSION = YES;
				GCC_WARN_ABOUT_RETURN_TYPE = YES_ERROR;
				GCC_WARN_UNDECLARED_SELECTOR = YES;
				GCC_WARN_UNINITIALIZED_AUTOS = YES_AGGRESSIVE;
				GCC_WARN_UNUSED_FUNCTION = YES;
				GCC_WARN_UNUSED_VARIABLE = YES;
				MACOSX_DEPLOYMENT_TARGET = 10.13;
				MTL_ENABLE_DEBUG_INFO = NO;
				SDKROOT = macosx;
				SWIFT_COMPILATION_MODE = wholemodule;
				SWIFT_OPTIMIZATION_LEVEL = "-O";
			};
			name = Release;
		};
		4EED0DB6211E6D6B00B188D3 /* Debug */ = {
			isa = XCBuildConfiguration;
			buildSettings = {
				CODE_SIGN_STYLE = Automatic;
				DEVELOPMENT_TEAM = T5223UFA4Z;
				PRODUCT_NAME = "$(TARGET_NAME)";
				SWIFT_VERSION = 4.2;
			};
			name = Debug;
		};
		4EED0DB7211E6D6B00B188D3 /* Release */ = {
			isa = XCBuildConfiguration;
			buildSettings = {
				CODE_SIGN_STYLE = Automatic;
				DEVELOPMENT_TEAM = T5223UFA4Z;
				PRODUCT_NAME = "$(TARGET_NAME)";
				SWIFT_VERSION = 4.2;
			};
			name = Release;
		};
		4EED0DD7211E7AB300B188D3 /* Debug */ = {
			isa = XCBuildConfiguration;
			buildSettings = {
				CODE_SIGN_STYLE = Automatic;
				COMBINE_HIDPI_IMAGES = YES;
				DEVELOPMENT_TEAM = T5223UFA4Z;
				INFOPLIST_FILE = MacHelperTest/Info.plist;
				LD_RUNPATH_SEARCH_PATHS = (
					"$(inherited)",
					"@executable_path/../Frameworks",
					"@loader_path/../Frameworks",
				);
				PRODUCT_BUNDLE_IDENTIFIER = ch.altab.MacAdmin.MacHelperTest;
				PRODUCT_NAME = "$(TARGET_NAME)";
				SWIFT_VERSION = 4.0;
			};
			name = Debug;
		};
		4EED0DD8211E7AB300B188D3 /* Release */ = {
			isa = XCBuildConfiguration;
			buildSettings = {
				CODE_SIGN_STYLE = Automatic;
				COMBINE_HIDPI_IMAGES = YES;
				DEVELOPMENT_TEAM = T5223UFA4Z;
				INFOPLIST_FILE = MacHelperTest/Info.plist;
				LD_RUNPATH_SEARCH_PATHS = (
					"$(inherited)",
					"@executable_path/../Frameworks",
					"@loader_path/../Frameworks",
				);
				PRODUCT_BUNDLE_IDENTIFIER = ch.altab.MacAdmin.MacHelperTest;
				PRODUCT_NAME = "$(TARGET_NAME)";
				SWIFT_VERSION = 4.0;
			};
			name = Release;
		};
/* End XCBuildConfiguration section */

/* Begin XCConfigurationList section */
		4E7CFA55212E0B4F0076B79D /* Build configuration list for PBXNativeTarget "MacHelperNotifier" */ = {
			isa = XCConfigurationList;
			buildConfigurations = (
				4E7CFA56212E0B4F0076B79D /* Debug */,
				4E7CFA57212E0B4F0076B79D /* Release */,
			);
			defaultConfigurationIsVisible = 0;
			defaultConfigurationName = Release;
		};
		4EED0DA9211E6D6B00B188D3 /* Build configuration list for PBXProject "MacHelper" */ = {
			isa = XCConfigurationList;
			buildConfigurations = (
				4EED0DB3211E6D6B00B188D3 /* Debug */,
				4EED0DB4211E6D6B00B188D3 /* Release */,
			);
			defaultConfigurationIsVisible = 0;
			defaultConfigurationName = Release;
		};
		4EED0DB5211E6D6B00B188D3 /* Build configuration list for PBXNativeTarget "MacHelper" */ = {
			isa = XCConfigurationList;
			buildConfigurations = (
				4EED0DB6211E6D6B00B188D3 /* Debug */,
				4EED0DB7211E6D6B00B188D3 /* Release */,
			);
			defaultConfigurationIsVisible = 0;
			defaultConfigurationName = Release;
		};
		4EED0DD6211E7AB300B188D3 /* Build configuration list for PBXNativeTarget "MacHelperTest" */ = {
			isa = XCConfigurationList;
			buildConfigurations = (
				4EED0DD7211E7AB300B188D3 /* Debug */,
				4EED0DD8211E7AB300B188D3 /* Release */,
			);
			defaultConfigurationIsVisible = 0;
			defaultConfigurationName = Release;
		};
/* End XCConfigurationList section */
	};
	rootObject = 4EED0DA6211E6D6B00B188D3 /* Project object */;
}
